
Microsoft Visual Studio Solution File, Format Version 12.00
# Visual Studio Version 17
VisualStudioVersion = 17.7.34031.279
MinimumVisualStudioVersion = 10.0.40219.1
Project("{FAE04EC0-301F-11D3-BF4B-00C04F79EFBC}") = "FirstProgram", "FirstProgram\FirstProgram.csproj", "{55FBD3CD-9F2A-41A7-AFB4-E334531F915E}"
EndProject
Global
	GlobalSection(SolutionConfigurationPlatforms) = preSolution
		Debug|Any CPU = Debug|Any CPU
		Release|Any CPU = Release|Any CPU
	EndGlobalSection
	GlobalSection(ProjectConfigurationPlatforms) = postSolution
		{55FBD3CD-9F2A-41A7-AFB4-E334531F915E}.Debug|Any CPU.ActiveCfg = Debug|Any CPU
		{55FBD3CD-9F2A-41A7-AFB4-E334531F915E}.Debug|Any CPU.Build.0 = Debug|Any CPU
		{55FBD3CD-9F2A-41A7-AFB4-E334531F915E}.Release|Any CPU.ActiveCfg = Release|Any CPU
		{55FBD3CD-9F2A-41A7-AFB4-E334531F915E}.Release|Any CPU.Build.0 = Release|Any CPU
	EndGlobalSection
	GlobalSection(SolutionProperties) = preSolution
		HideSolutionNode = FALSE
	EndGlobalSection
	GlobalSection(ExtensibilityGlobals) = postSolution
		SolutionGuid = {7B1E0316-158C-40C0-B696-C88D2D01F815}
	EndGlobalSection
EndGlobal
