
Microsoft Visual Studio Solution File, Format Version 12.00
# Visual Studio Version 17
VisualStudioVersion = 17.8.34330.188
MinimumVisualStudioVersion = 10.0.40219.1
Project("{FAE04EC0-301F-11D3-BF4B-00C04F79EFBC}") = "TH9", "TH9\TH9.csproj", "{A86EB12E-062A-4738-8F5B-77F6D18D2AF7}"
EndProject
Global
	GlobalSection(SolutionConfigurationPlatforms) = preSolution
		Debug|Any CPU = Debug|Any CPU
		Release|Any CPU = Release|Any CPU
	EndGlobalSection
	GlobalSection(ProjectConfigurationPlatforms) = postSolution
		{A86EB12E-062A-4738-8F5B-77F6D18D2AF7}.Debug|Any CPU.ActiveCfg = Debug|Any CPU
		{A86EB12E-062A-4738-8F5B-77F6D18D2AF7}.Debug|Any CPU.Build.0 = Debug|Any CPU
		{A86EB12E-062A-4738-8F5B-77F6D18D2AF7}.Release|Any CPU.ActiveCfg = Release|Any CPU
		{A86EB12E-062A-4738-8F5B-77F6D18D2AF7}.Release|Any CPU.Build.0 = Release|Any CPU
	EndGlobalSection
	GlobalSection(SolutionProperties) = preSolution
		HideSolutionNode = FALSE
	EndGlobalSection
	GlobalSection(ExtensibilityGlobals) = postSolution
		SolutionGuid = {0750329A-6D99-40D1-B757-73DD8477A45F}
	EndGlobalSection
EndGlobal
