
Microsoft Visual Studio Solution File, Format Version 12.00
# Visual Studio Version 17
VisualStudioVersion = 17.9.34723.18
MinimumVisualStudioVersion = 10.0.40219.1
Project("{FAE04EC0-301F-11D3-BF4B-00C04F79EFBC}") = "TH9.4", "TH9.4\TH9.4.csproj", "{CC4768ED-4AEB-45AC-BE3E-907838BD8C4C}"
EndProject
Global
	GlobalSection(SolutionConfigurationPlatforms) = preSolution
		Debug|Any CPU = Debug|Any CPU
		Release|Any CPU = Release|Any CPU
	EndGlobalSection
	GlobalSection(ProjectConfigurationPlatforms) = postSolution
		{CC4768ED-4AEB-45AC-BE3E-907838BD8C4C}.Debug|Any CPU.ActiveCfg = Debug|Any CPU
		{CC4768ED-4AEB-45AC-BE3E-907838BD8C4C}.Debug|Any CPU.Build.0 = Debug|Any CPU
		{CC4768ED-4AEB-45AC-BE3E-907838BD8C4C}.Release|Any CPU.ActiveCfg = Release|Any CPU
		{CC4768ED-4AEB-45AC-BE3E-907838BD8C4C}.Release|Any CPU.Build.0 = Release|Any CPU
	EndGlobalSection
	GlobalSection(SolutionProperties) = preSolution
		HideSolutionNode = FALSE
	EndGlobalSection
	GlobalSection(ExtensibilityGlobals) = postSolution
		SolutionGuid = {B872C393-AC25-4DE9-9FF0-2D2E163A30B2}
	EndGlobalSection
EndGlobal
